
Microsoft Visual Studio Solution File, Format Version 12.00
# Visual Studio 15
VisualStudioVersion = 15.0.27130.2036
MinimumVisualStudioVersion = 10.0.40219.1
Project("{9A19103F-16F7-4668-BE54-9A1E7A4F7556}") = "Quadruple", "Quadruple\Quadruple.csproj", "{DA791D07-74A7-4ABB-89B2-58D2A799DD36}"
EndProject
Project("{FAE04EC0-301F-11D3-BF4B-00C04F79EFBC}") = "Quadruple.Example", "Quadruple.Example\Quadruple.Example.csproj", "{CA831B15-4202-4AC7-AEE8-1A6BB79DF442}"
EndProject
Global
	GlobalSection(SolutionConfigurationPlatforms) = preSolution
		Debug|Any CPU = Debug|Any CPU
		Release|Any CPU = Release|Any CPU
	EndGlobalSection
	GlobalSection(ProjectConfigurationPlatforms) = postSolution
		{DA791D07-74A7-4ABB-89B2-58D2A799DD36}.Debug|Any CPU.ActiveCfg = Debug|Any CPU
		{DA791D07-74A7-4ABB-89B2-58D2A799DD36}.Debug|Any CPU.Build.0 = Debug|Any CPU
		{DA791D07-74A7-4ABB-89B2-58D2A799DD36}.Release|Any CPU.ActiveCfg = Release|Any CPU
		{DA791D07-74A7-4ABB-89B2-58D2A799DD36}.Release|Any CPU.Build.0 = Release|Any CPU
		{CA831B15-4202-4AC7-AEE8-1A6BB79DF442}.Debug|Any CPU.ActiveCfg = Debug|Any CPU
		{CA831B15-4202-4AC7-AEE8-1A6BB79DF442}.Debug|Any CPU.Build.0 = Debug|Any CPU
		{CA831B15-4202-4AC7-AEE8-1A6BB79DF442}.Release|Any CPU.ActiveCfg = Release|Any CPU
		{CA831B15-4202-4AC7-AEE8-1A6BB79DF442}.Release|Any CPU.Build.0 = Release|Any CPU
	EndGlobalSection
	GlobalSection(SolutionProperties) = preSolution
		HideSolutionNode = FALSE
	EndGlobalSection
	GlobalSection(ExtensibilityGlobals) = postSolution
		SolutionGuid = {22949A16-D5D0-46B6-BF6D-A8C16DFA1900}
	EndGlobalSection
EndGlobal
